// !$*UTF8*$!
{
	archiveVersion = 1;
	classes = {
	};
	objectVersion = 46;
	objects = {

/* Begin PBXBuildFile section */
		0A13D7AC1DB5D79A0084740A /* main.m in Sources */ = {isa = PBXBuildFile; fileRef = 0A13D7AB1DB5D79A0084740A /* main.m */; };
		0A13D7B41DB5D7AE0084740A /* InventryManager.m in Sources */ = {isa = PBXBuildFile; fileRef = 0A13D7B31DB5D7AE0084740A /* InventryManager.m */; };
		0A13D7B71DB5D7C20084740A /* InventryFactory.m in Sources */ = {isa = PBXBuildFile; fileRef = 0A13D7B61DB5D7C20084740A /* InventryFactory.m */; };
/* End PBXBuildFile section */

/* Begin PBXCopyFilesBuildPhase section */
		0A13D7A61DB5D79A0084740A /* CopyFiles */ = {
			isa = PBXCopyFilesBuildPhase;
			buildActionMask = 2147483647;
			dstPath = /usr/share/man/man1/;
			dstSubfolderSpec = 0;
			files = (
			);
			runOnlyForDeploymentPostprocessing = 1;
		};
/* End PBXCopyFilesBuildPhase section */

/* Begin PBXFileReference section */
		0A13D7A81DB5D79A0084740A /* InventryExtended */ = {isa = PBXFileReference; explicitFileType = "compiled.mach-o.executable"; includeInIndex = 0; path = InventryExtended; sourceTree = BUILT_PRODUCTS_DIR; };
		0A13D7AB1DB5D79A0084740A /* main.m */ = {isa = PBXFileReference; lastKnownFileType = sourcecode.c.objc; path = main.m; sourceTree = "<group>"; };
		0A13D7B21DB5D7AE0084740A /* InventryManager.h */ = {isa = PBXFileReference; fileEncoding = 4; lastKnownFileType = sourcecode.c.h; path = InventryManager.h; sourceTree = "<group>"; };
		0A13D7B31DB5D7AE0084740A /* InventryManager.m */ = {isa = PBXFileReference; fileEncoding = 4; lastKnownFileType = sourcecode.c.objc; path = InventryManager.m; sourceTree = "<group>"; };
		0A13D7B51DB5D7C20084740A /* InventryFactory.h */ = {isa = PBXFileReference; fileEncoding = 4; lastKnownFileType = sourcecode.c.h; path = InventryFactory.h; sourceTree = "<group>"; };
		0A13D7B61DB5D7C20084740A /* InventryFactory.m */ = {isa = PBXFileReference; fileEncoding = 4; lastKnownFileType = sourcecode.c.objc; path = InventryFactory.m; sourceTree = "<group>"; };
/* End PBXFileReference section */

/* Begin PBXFrameworksBuildPhase section */
		0A13D7A51DB5D79A0084740A /* Frameworks */ = {
			isa = PBXFrameworksBuildPhase;
			buildActionMask = 2147483647;
			files = (
			);
			runOnlyForDeploymentPostprocessing = 0;
		};
/* End PBXFrameworksBuildPhase section */

/* Begin PBXGroup section */
		0A13D79F1DB5D79A0084740A = {
			isa = PBXGroup;
			children = (
				0A13D7AA1DB5D79A0084740A /* InventryExtended */,
				0A13D7A91DB5D79A0084740A /* Products */,
			);
			sourceTree = "<group>";
		};
		0A13D7A91DB5D79A0084740A /* Products */ = {
			isa = PBXGroup;
			children = (
				0A13D7A81DB5D79A0084740A /* InventryExtended */,
			);
			name = Products;
			sourceTree = "<group>";
		};
		0A13D7AA1DB5D79A0084740A /* InventryExtended */ = {
			isa = PBXGroup;
			children = (
				0A13D7AB1DB5D79A0084740A /* main.m */,
				0A13D7B21DB5D7AE0084740A /* InventryManager.h */,
				0A13D7B31DB5D7AE0084740A /* InventryManager.m */,
				0A13D7B51DB5D7C20084740A /* InventryFactory.h */,
				0A13D7B61DB5D7C20084740A /* InventryFactory.m */,
			);
			path = InventryExtended;
			sourceTree = "<group>";
		};
/* End PBXGroup section */

/* Begin PBXNativeTarget section */
		0A13D7A71DB5D79A0084740A /* InventryExtended */ = {
			isa = PBXNativeTarget;
			buildConfigurationList = 0A13D7AF1DB5D79A0084740A /* Build configuration list for PBXNativeTarget "InventryExtended" */;
			buildPhases = (
				0A13D7A41DB5D79A0084740A /* Sources */,
				0A13D7A51DB5D79A0084740A /* Frameworks */,
				0A13D7A61DB5D79A0084740A /* CopyFiles */,
			);
			buildRules = (
			);
			dependencies = (
			);
			name = InventryExtended;
			productName = InventryExtended;
			productReference = 0A13D7A81DB5D79A0084740A /* InventryExtended */;
			productType = "com.apple.product-type.tool";
		};
/* End PBXNativeTarget section */

/* Begin PBXProject section */
		0A13D7A01DB5D79A0084740A /* Project object */ = {
			isa = PBXProject;
			attributes = {
				LastUpgradeCheck = 0730;
				ORGANIZATIONNAME = BridgeLabz;
				TargetAttributes = {
					0A13D7A71DB5D79A0084740A = {
						CreatedOnToolsVersion = 7.3.1;
					};
				};
			};
			buildConfigurationList = 0A13D7A31DB5D79A0084740A /* Build configuration list for PBXProject "InventryExtended" */;
			compatibilityVersion = "Xcode 3.2";
			developmentRegion = English;
			hasScannedForEncodings = 0;
			knownRegions = (
				en,
			);
			mainGroup = 0A13D79F1DB5D79A0084740A;
			productRefGroup = 0A13D7A91DB5D79A0084740A /* Products */;
			projectDirPath = "";
			projectRoot = "";
			targets = (
				0A13D7A71DB5D79A0084740A /* InventryExtended */,
			);
		};
/* End PBXProject section */

/* Begin PBXSourcesBuildPhase section */
		0A13D7A41DB5D79A0084740A /* Sources */ = {
			isa = PBXSourcesBuildPhase;
			buildActionMask = 2147483647;
			files = (
				0A13D7B41DB5D7AE0084740A /* InventryManager.m in Sources */,
				0A13D7AC1DB5D79A0084740A /* main.m in Sources */,
				0A13D7B71DB5D7C20084740A /* InventryFactory.m in Sources */,
			);
			runOnlyForDeploymentPostprocessing = 0;
		};
/* End PBXSourcesBuildPhase section */

/* Begin XCBuildConfiguration section */
		0A13D7AD1DB5D79A0084740A /* Debug */ = {
			isa = XCBuildConfiguration;
			buildSettings = {
				ALWAYS_SEARCH_USER_PATHS = NO;
				CLANG_ANALYZER_NONNULL = YES;
				CLANG_CXX_LANGUAGE_STANDARD = "gnu++0x";
				CLANG_CXX_LIBRARY = "libc++";
				CLANG_ENABLE_MODULES = YES;
				CLANG_ENABLE_OBJC_ARC = YES;
				CLANG_WARN_BOOL_CONVERSION = YES;
				CLANG_WARN_CONSTANT_CONVERSION = YES;
				CLANG_WARN_DIRECT_OBJC_ISA_USAGE = YES_ERROR;
				CLANG_WARN_EMPTY_BODY = YES;
				CLANG_WARN_ENUM_CONVERSION = YES;
				CLANG_WARN_INT_CONVERSION = YES;
				CLANG_WARN_OBJC_ROOT_CLASS = YES_ERROR;
				CLANG_WARN_UNREACHABLE_CODE = YES;
				CLANG_WARN__DUPLICATE_METHOD_MATCH = YES;
				CODE_SIGN_IDENTITY = "-";
				COPY_PHASE_STRIP = NO;
				DEBUG_INFORMATION_FORMAT = dwarf;
				ENABLE_STRICT_OBJC_MSGSEND = YES;
				ENABLE_TESTABILITY = YES;
				GCC_C_LANGUAGE_STANDARD = gnu99;
				GCC_DYNAMIC_NO_PIC = NO;
				GCC_NO_COMMON_BLOCKS = YES;
				GCC_OPTIMIZATION_LEVEL = 0;
				GCC_PREPROCESSOR_DEFINITIONS = (
					"DEBUG=1",
					"$(inherited)",
				);
				GCC_WARN_64_TO_32_BIT_CONVERSION = YES;
				GCC_WARN_ABOUT_RETURN_TYPE = YES_ERROR;
				GCC_WARN_UNDECLARED_SELECTOR = YES;
				GCC_WARN_UNINITIALIZED_AUTOS = YES_AGGRESSIVE;
				GCC_WARN_UNUSED_FUNCTION = YES;
				GCC_WARN_UNUSED_VARIABLE = YES;
				MACOSX_DEPLOYMENT_TARGET = 10.11;
				MTL_ENABLE_DEBUG_INFO = YES;
				ONLY_ACTIVE_ARCH = YES;
				SDKROOT = macosx;
			};
			name = Debug;
		};
		0A13D7AE1DB5D79A0084740A /* Release */ = {
			isa = XCBuildConfiguration;
			buildSettings = {
				ALWAYS_SEARCH_USER_PATHS = NO;
				CLANG_ANALYZER_NONNULL = YES;
				CLANG_CXX_LANGUAGE_STANDARD = "gnu++0x";
				CLANG_CXX_LIBRARY = "libc++";
				CLANG_ENABLE_MODULES = YES;
				CLANG_ENABLE_OBJC_ARC = YES;
				CLANG_WARN_BOOL_CONVERSION = YES;
				CLANG_WARN_CONSTANT_CONVERSION = YES;
				CLANG_WARN_DIRECT_OBJC_ISA_USAGE = YES_ERROR;
				CLANG_WARN_EMPTY_BODY = YES;
				CLANG_WARN_ENUM_CONVERSION = YES;
				CLANG_WARN_INT_CONVERSION = YES;
				CLANG_WARN_OBJC_ROOT_CLASS = YES_ERROR;
				CLANG_WARN_UNREACHABLE_CODE = YES;
				CLANG_WARN__DUPLICATE_METHOD_MATCH = YES;
				CODE_SIGN_IDENTITY = "-";
				COPY_PHASE_STRIP = NO;
				DEBUG_INFORMATION_FORMAT = "dwarf-with-dsym";
				ENABLE_NS_ASSERTIONS = NO;
				ENABLE_STRICT_OBJC_MSGSEND = YES;
				GCC_C_LANGUAGE_STANDARD = gnu99;
				GCC_NO_COMMON_BLOCKS = YES;
				GCC_WARN_64_TO_32_BIT_CONVERSION = YES;
				GCC_WARN_ABOUT_RETURN_TYPE = YES_ERROR;
				GCC_WARN_UNDECLARED_SELECTOR = YES;
				GCC_WARN_UNINITIALIZED_AUTOS = YES_AGGRESSIVE;
				GCC_WARN_UNUSED_FUNCTION = YES;
				GCC_WARN_UNUSED_VARIABLE = YES;
				MACOSX_DEPLOYMENT_TARGET = 10.11;
				MTL_ENABLE_DEBUG_INFO = NO;
				SDKROOT = macosx;
			};
			name = Release;
		};
		0A13D7B01DB5D79A0084740A /* Debug */ = {
			isa = XCBuildConfiguration;
			buildSettings = {
				PRODUCT_NAME = "$(TARGET_NAME)";
			};
			name = Debug;
		};
		0A13D7B11DB5D79A0084740A /* Release */ = {
			isa = XCBuildConfiguration;
			buildSettings = {
				PRODUCT_NAME = "$(TARGET_NAME)";
			};
			name = Release;
		};
/* End XCBuildConfiguration section */

/* Begin XCConfigurationList section */
		0A13D7A31DB5D79A0084740A /* Build configuration list for PBXProject "InventryExtended" */ = {
			isa = XCConfigurationList;
			buildConfigurations = (
				0A13D7AD1DB5D79A0084740A /* Debug */,
				0A13D7AE1DB5D79A0084740A /* Release */,
			);
			defaultConfigurationIsVisible = 0;
			defaultConfigurationName = Release;
		};
		0A13D7AF1DB5D79A0084740A /* Build configuration list for PBXNativeTarget "InventryExtended" */ = {
			isa = XCConfigurationList;
			buildConfigurations = (
				0A13D7B01DB5D79A0084740A /* Debug */,
				0A13D7B11DB5D79A0084740A /* Release */,
			);
			defaultConfigurationIsVisible = 0;
		};
/* End XCConfigurationList section */
	};
	rootObject = 0A13D7A01DB5D79A0084740A /* Project object */;
}
