// !$*UTF8*$!
{
	archiveVersion = 1;
	classes = {
	};
	objectVersion = 46;
	objects = {

/* Begin PBXBuildFile section */
		0AB7B5A61DBE2F5400423C38 /* main.m in Sources */ = {isa = PBXBuildFile; fileRef = 0AB7B5A51DBE2F5400423C38 /* main.m */; };
		0AB7B5AE1DBE2F6500423C38 /* UtilityCode.m in Sources */ = {isa = PBXBuildFile; fileRef = 0AB7B5AD1DBE2F6500423C38 /* UtilityCode.m */; };
/* End PBXBuildFile section */

/* Begin PBXCopyFilesBuildPhase section */
		0AB7B5A01DBE2F5400423C38 /* CopyFiles */ = {
			isa = PBXCopyFilesBuildPhase;
			buildActionMask = 2147483647;
			dstPath = /usr/share/man/man1/;
			dstSubfolderSpec = 0;
			files = (
			);
			runOnlyForDeploymentPostprocessing = 1;
		};
/* End PBXCopyFilesBuildPhase section */

/* Begin PBXFileReference section */
		0AB7B5A21DBE2F5400423C38 /* Utilitycode */ = {isa = PBXFileReference; explicitFileType = "compiled.mach-o.executable"; includeInIndex = 0; path = Utilitycode; sourceTree = BUILT_PRODUCTS_DIR; };
		0AB7B5A51DBE2F5400423C38 /* main.m */ = {isa = PBXFileReference; lastKnownFileType = sourcecode.c.objc; path = main.m; sourceTree = "<group>"; };
		0AB7B5AC1DBE2F6500423C38 /* UtilityCode.h */ = {isa = PBXFileReference; fileEncoding = 4; lastKnownFileType = sourcecode.c.h; path = UtilityCode.h; sourceTree = "<group>"; };
		0AB7B5AD1DBE2F6500423C38 /* UtilityCode.m */ = {isa = PBXFileReference; fileEncoding = 4; lastKnownFileType = sourcecode.c.objc; path = UtilityCode.m; sourceTree = "<group>"; };
/* End PBXFileReference section */

/* Begin PBXFrameworksBuildPhase section */
		0AB7B59F1DBE2F5400423C38 /* Frameworks */ = {
			isa = PBXFrameworksBuildPhase;
			buildActionMask = 2147483647;
			files = (
			);
			runOnlyForDeploymentPostprocessing = 0;
		};
/* End PBXFrameworksBuildPhase section */

/* Begin PBXGroup section */
		0AB7B5991DBE2F5400423C38 = {
			isa = PBXGroup;
			children = (
				0AB7B5A41DBE2F5400423C38 /* Utilitycode */,
				0AB7B5A31DBE2F5400423C38 /* Products */,
			);
			sourceTree = "<group>";
		};
		0AB7B5A31DBE2F5400423C38 /* Products */ = {
			isa = PBXGroup;
			children = (
				0AB7B5A21DBE2F5400423C38 /* Utilitycode */,
			);
			name = Products;
			sourceTree = "<group>";
		};
		0AB7B5A41DBE2F5400423C38 /* Utilitycode */ = {
			isa = PBXGroup;
			children = (
				0AB7B5A51DBE2F5400423C38 /* main.m */,
				0AB7B5AC1DBE2F6500423C38 /* UtilityCode.h */,
				0AB7B5AD1DBE2F6500423C38 /* UtilityCode.m */,
			);
			path = Utilitycode;
			sourceTree = "<group>";
		};
/* End PBXGroup section */

/* Begin PBXNativeTarget section */
		0AB7B5A11DBE2F5400423C38 /* Utilitycode */ = {
			isa = PBXNativeTarget;
			buildConfigurationList = 0AB7B5A91DBE2F5400423C38 /* Build configuration list for PBXNativeTarget "Utilitycode" */;
			buildPhases = (
				0AB7B59E1DBE2F5400423C38 /* Sources */,
				0AB7B59F1DBE2F5400423C38 /* Frameworks */,
				0AB7B5A01DBE2F5400423C38 /* CopyFiles */,
			);
			buildRules = (
			);
			dependencies = (
			);
			name = Utilitycode;
			productName = Utilitycode;
			productReference = 0AB7B5A21DBE2F5400423C38 /* Utilitycode */;
			productType = "com.apple.product-type.tool";
		};
/* End PBXNativeTarget section */

/* Begin PBXProject section */
		0AB7B59A1DBE2F5400423C38 /* Project object */ = {
			isa = PBXProject;
			attributes = {
				LastUpgradeCheck = 0730;
				ORGANIZATIONNAME = BridgeLabz;
				TargetAttributes = {
					0AB7B5A11DBE2F5400423C38 = {
						CreatedOnToolsVersion = 7.3.1;
					};
				};
			};
			buildConfigurationList = 0AB7B59D1DBE2F5400423C38 /* Build configuration list for PBXProject "Utilitycode" */;
			compatibilityVersion = "Xcode 3.2";
			developmentRegion = English;
			hasScannedForEncodings = 0;
			knownRegions = (
				en,
			);
			mainGroup = 0AB7B5991DBE2F5400423C38;
			productRefGroup = 0AB7B5A31DBE2F5400423C38 /* Products */;
			projectDirPath = "";
			projectRoot = "";
			targets = (
				0AB7B5A11DBE2F5400423C38 /* Utilitycode */,
			);
		};
/* End PBXProject section */

/* Begin PBXSourcesBuildPhase section */
		0AB7B59E1DBE2F5400423C38 /* Sources */ = {
			isa = PBXSourcesBuildPhase;
			buildActionMask = 2147483647;
			files = (
				0AB7B5A61DBE2F5400423C38 /* main.m in Sources */,
				0AB7B5AE1DBE2F6500423C38 /* UtilityCode.m in Sources */,
			);
			runOnlyForDeploymentPostprocessing = 0;
		};
/* End PBXSourcesBuildPhase section */

/* Begin XCBuildConfiguration section */
		0AB7B5A71DBE2F5400423C38 /* Debug */ = {
			isa = XCBuildConfiguration;
			buildSettings = {
				ALWAYS_SEARCH_USER_PATHS = NO;
				CLANG_ANALYZER_NONNULL = YES;
				CLANG_CXX_LANGUAGE_STANDARD = "gnu++0x";
				CLANG_CXX_LIBRARY = "libc++";
				CLANG_ENABLE_MODULES = YES;
				CLANG_ENABLE_OBJC_ARC = YES;
				CLANG_WARN_BOOL_CONVERSION = YES;
				CLANG_WARN_CONSTANT_CONVERSION = YES;
				CLANG_WARN_DIRECT_OBJC_ISA_USAGE = YES_ERROR;
				CLANG_WARN_EMPTY_BODY = YES;
				CLANG_WARN_ENUM_CONVERSION = YES;
				CLANG_WARN_INT_CONVERSION = YES;
				CLANG_WARN_OBJC_ROOT_CLASS = YES_ERROR;
				CLANG_WARN_UNREACHABLE_CODE = YES;
				CLANG_WARN__DUPLICATE_METHOD_MATCH = YES;
				CODE_SIGN_IDENTITY = "-";
				COPY_PHASE_STRIP = NO;
				DEBUG_INFORMATION_FORMAT = dwarf;
				ENABLE_STRICT_OBJC_MSGSEND = YES;
				ENABLE_TESTABILITY = YES;
				GCC_C_LANGUAGE_STANDARD = gnu99;
				GCC_DYNAMIC_NO_PIC = NO;
				GCC_NO_COMMON_BLOCKS = YES;
				GCC_OPTIMIZATION_LEVEL = 0;
				GCC_PREPROCESSOR_DEFINITIONS = (
					"DEBUG=1",
					"$(inherited)",
				);
				GCC_WARN_64_TO_32_BIT_CONVERSION = YES;
				GCC_WARN_ABOUT_RETURN_TYPE = YES_ERROR;
				GCC_WARN_UNDECLARED_SELECTOR = YES;
				GCC_WARN_UNINITIALIZED_AUTOS = YES_AGGRESSIVE;
				GCC_WARN_UNUSED_FUNCTION = YES;
				GCC_WARN_UNUSED_VARIABLE = YES;
				MACOSX_DEPLOYMENT_TARGET = 10.11;
				MTL_ENABLE_DEBUG_INFO = YES;
				ONLY_ACTIVE_ARCH = YES;
				SDKROOT = macosx;
			};
			name = Debug;
		};
		0AB7B5A81DBE2F5400423C38 /* Release */ = {
			isa = XCBuildConfiguration;
			buildSettings = {
				ALWAYS_SEARCH_USER_PATHS = NO;
				CLANG_ANALYZER_NONNULL = YES;
				CLANG_CXX_LANGUAGE_STANDARD = "gnu++0x";
				CLANG_CXX_LIBRARY = "libc++";
				CLANG_ENABLE_MODULES = YES;
				CLANG_ENABLE_OBJC_ARC = YES;
				CLANG_WARN_BOOL_CONVERSION = YES;
				CLANG_WARN_CONSTANT_CONVERSION = YES;
				CLANG_WARN_DIRECT_OBJC_ISA_USAGE = YES_ERROR;
				CLANG_WARN_EMPTY_BODY = YES;
				CLANG_WARN_ENUM_CONVERSION = YES;
				CLANG_WARN_INT_CONVERSION = YES;
				CLANG_WARN_OBJC_ROOT_CLASS = YES_ERROR;
				CLANG_WARN_UNREACHABLE_CODE = YES;
				CLANG_WARN__DUPLICATE_METHOD_MATCH = YES;
				CODE_SIGN_IDENTITY = "-";
				COPY_PHASE_STRIP = NO;
				DEBUG_INFORMATION_FORMAT = "dwarf-with-dsym";
				ENABLE_NS_ASSERTIONS = NO;
				ENABLE_STRICT_OBJC_MSGSEND = YES;
				GCC_C_LANGUAGE_STANDARD = gnu99;
				GCC_NO_COMMON_BLOCKS = YES;
				GCC_WARN_64_TO_32_BIT_CONVERSION = YES;
				GCC_WARN_ABOUT_RETURN_TYPE = YES_ERROR;
				GCC_WARN_UNDECLARED_SELECTOR = YES;
				GCC_WARN_UNINITIALIZED_AUTOS = YES_AGGRESSIVE;
				GCC_WARN_UNUSED_FUNCTION = YES;
				GCC_WARN_UNUSED_VARIABLE = YES;
				MACOSX_DEPLOYMENT_TARGET = 10.11;
				MTL_ENABLE_DEBUG_INFO = NO;
				SDKROOT = macosx;
			};
			name = Release;
		};
		0AB7B5AA1DBE2F5400423C38 /* Debug */ = {
			isa = XCBuildConfiguration;
			buildSettings = {
				PRODUCT_NAME = "$(TARGET_NAME)";
			};
			name = Debug;
		};
		0AB7B5AB1DBE2F5400423C38 /* Release */ = {
			isa = XCBuildConfiguration;
			buildSettings = {
				PRODUCT_NAME = "$(TARGET_NAME)";
			};
			name = Release;
		};
/* End XCBuildConfiguration section */

/* Begin XCConfigurationList section */
		0AB7B59D1DBE2F5400423C38 /* Build configuration list for PBXProject "Utilitycode" */ = {
			isa = XCConfigurationList;
			buildConfigurations = (
				0AB7B5A71DBE2F5400423C38 /* Debug */,
				0AB7B5A81DBE2F5400423C38 /* Release */,
			);
			defaultConfigurationIsVisible = 0;
			defaultConfigurationName = Release;
		};
		0AB7B5A91DBE2F5400423C38 /* Build configuration list for PBXNativeTarget "Utilitycode" */ = {
			isa = XCConfigurationList;
			buildConfigurations = (
				0AB7B5AA1DBE2F5400423C38 /* Debug */,
				0AB7B5AB1DBE2F5400423C38 /* Release */,
			);
			defaultConfigurationIsVisible = 0;
		};
/* End XCConfigurationList section */
	};
	rootObject = 0AB7B59A1DBE2F5400423C38 /* Project object */;
}
